
Microsoft Visual Studio Solution File, Format Version 12.00
# Visual Studio Version 16
VisualStudioVersion = 16.0.29609.76
MinimumVisualStudioVersion = 10.0.40219.1
Project("{FAE04EC0-301F-11D3-BF4B-00C04F79EFBC}") = "Ok", "Ok\Ok.csproj", "{C43CBC73-50ED-40B7-AB6B-5141FE6204FC}"
EndProject
Project("{FAE04EC0-301F-11D3-BF4B-00C04F79EFBC}") = "Ok.DLL", "Ok.DLL\Ok.DLL.csproj", "{643BE583-369A-46E8-9280-0B5995E1ECA4}"
EndProject
Project("{FAE04EC0-301F-11D3-BF4B-00C04F79EFBC}") = "Ok.BLL", "Ok.BLL\Ok.BLL.csproj", "{8248C90B-FF59-404D-BE51-63793735C47E}"
EndProject
Global
	GlobalSection(SolutionConfigurationPlatforms) = preSolution
		Debug|Any CPU = Debug|Any CPU
		Release|Any CPU = Release|Any CPU
	EndGlobalSection
	GlobalSection(ProjectConfigurationPlatforms) = postSolution
		{C43CBC73-50ED-40B7-AB6B-5141FE6204FC}.Debug|Any CPU.ActiveCfg = Debug|Any CPU
		{C43CBC73-50ED-40B7-AB6B-5141FE6204FC}.Debug|Any CPU.Build.0 = Debug|Any CPU
		{C43CBC73-50ED-40B7-AB6B-5141FE6204FC}.Release|Any CPU.ActiveCfg = Release|Any CPU
		{C43CBC73-50ED-40B7-AB6B-5141FE6204FC}.Release|Any CPU.Build.0 = Release|Any CPU
		{643BE583-369A-46E8-9280-0B5995E1ECA4}.Debug|Any CPU.ActiveCfg = Debug|Any CPU
		{643BE583-369A-46E8-9280-0B5995E1ECA4}.Debug|Any CPU.Build.0 = Debug|Any CPU
		{643BE583-369A-46E8-9280-0B5995E1ECA4}.Release|Any CPU.ActiveCfg = Release|Any CPU
		{643BE583-369A-46E8-9280-0B5995E1ECA4}.Release|Any CPU.Build.0 = Release|Any CPU
		{8248C90B-FF59-404D-BE51-63793735C47E}.Debug|Any CPU.ActiveCfg = Debug|Any CPU
		{8248C90B-FF59-404D-BE51-63793735C47E}.Debug|Any CPU.Build.0 = Debug|Any CPU
		{8248C90B-FF59-404D-BE51-63793735C47E}.Release|Any CPU.ActiveCfg = Release|Any CPU
		{8248C90B-FF59-404D-BE51-63793735C47E}.Release|Any CPU.Build.0 = Release|Any CPU
	EndGlobalSection
	GlobalSection(SolutionProperties) = preSolution
		HideSolutionNode = FALSE
	EndGlobalSection
	GlobalSection(ExtensibilityGlobals) = postSolution
		SolutionGuid = {0B954217-B67A-4D1F-87F0-F03213416D9F}
	EndGlobalSection
EndGlobal
